// !$*UTF8*$!
{
	archiveVersion = 1;
	classes = {
	};
	objectVersion = 51;
	objects = {

/* Begin PBXBuildFile section */
		AFD68DB6F9F250AC5E4C2B96 /* Pods_Leknes.framework in Frameworks */ = {isa = PBXBuildFile; fileRef = 09B3F6884DC7CB97268D87C1 /* Pods_Leknes.framework */; };
		E1573372244AEA3100B3AAD8 /* NotesCoordinator.swift in Sources */ = {isa = PBXBuildFile; fileRef = E1573371244AEA3100B3AAD8 /* NotesCoordinator.swift */; };
		E1573374244AEA6800B3AAD8 /* NotesCoordinatorModel.swift in Sources */ = {isa = PBXBuildFile; fileRef = E1573373244AEA6800B3AAD8 /* NotesCoordinatorModel.swift */; };
		E1573376244AEAB500B3AAD8 /* NavigationStackAction.swift in Sources */ = {isa = PBXBuildFile; fileRef = E1573375244AEAB500B3AAD8 /* NavigationStackAction.swift */; };
		E1573378244AECEF00B3AAD8 /* Router.swift in Sources */ = {isa = PBXBuildFile; fileRef = E1573377244AECEF00B3AAD8 /* Router.swift */; };
		E157337A244AED4100B3AAD8 /* UIViewController+Extension.swift in Sources */ = {isa = PBXBuildFile; fileRef = E1573379244AED4100B3AAD8 /* UIViewController+Extension.swift */; };
		E157337C244AEDA400B3AAD8 /* ViewControllerProtocol.swift in Sources */ = {isa = PBXBuildFile; fileRef = E157337B244AEDA400B3AAD8 /* ViewControllerProtocol.swift */; };
		E1573383244B447B00B3AAD8 /* Welcome.swift in Sources */ = {isa = PBXBuildFile; fileRef = E1573382244B447B00B3AAD8 /* Welcome.swift */; };
		E1573385244B448E00B3AAD8 /* Welcome.xib in Resources */ = {isa = PBXBuildFile; fileRef = E1573384244B448E00B3AAD8 /* Welcome.xib */; };
		E1573388244B469700B3AAD8 /* UIViewLoadNib.swift in Sources */ = {isa = PBXBuildFile; fileRef = E1573387244B469700B3AAD8 /* UIViewLoadNib.swift */; };
		E157338B244B4AFA00B3AAD8 /* AppFonts.swift in Sources */ = {isa = PBXBuildFile; fileRef = E157338A244B4AFA00B3AAD8 /* AppFonts.swift */; };
		E157338D244B4C3100B3AAD8 /* ColorTheme.swift in Sources */ = {isa = PBXBuildFile; fileRef = E157338C244B4C3100B3AAD8 /* ColorTheme.swift */; };
		E157338F244B511600B3AAD8 /* UIView+Extension.swift in Sources */ = {isa = PBXBuildFile; fileRef = E157338E244B511600B3AAD8 /* UIView+Extension.swift */; };
		E17345402445E3DA007CD373 /* AppDelegate.swift in Sources */ = {isa = PBXBuildFile; fileRef = E173453F2445E3DA007CD373 /* AppDelegate.swift */; };
		E17345422445E3DA007CD373 /* SceneDelegate.swift in Sources */ = {isa = PBXBuildFile; fileRef = E17345412445E3DA007CD373 /* SceneDelegate.swift */; };
		E17345442445E3DA007CD373 /* MainViewController.swift in Sources */ = {isa = PBXBuildFile; fileRef = E17345432445E3DA007CD373 /* MainViewController.swift */; };
		E17345472445E3DA007CD373 /* MainViewController.storyboard in Resources */ = {isa = PBXBuildFile; fileRef = E17345452445E3DA007CD373 /* MainViewController.storyboard */; };
		E17345492445E3DD007CD373 /* Assets.xcassets in Resources */ = {isa = PBXBuildFile; fileRef = E17345482445E3DD007CD373 /* Assets.xcassets */; };
		E173454C2445E3DD007CD373 /* LaunchScreen.storyboard in Resources */ = {isa = PBXBuildFile; fileRef = E173454A2445E3DD007CD373 /* LaunchScreen.storyboard */; };
		E1806ED7244DE79600296D82 /* ProfileViewModelSpec.swift in Sources */ = {isa = PBXBuildFile; fileRef = E1806ED6244DE79600296D82 /* ProfileViewModelSpec.swift */; };
		E1806EDA244DE88D00296D82 /* ObservableHelpers.swift in Sources */ = {isa = PBXBuildFile; fileRef = E1806ED9244DE88D00296D82 /* ObservableHelpers.swift */; };
		E18337F2244C673000F5C780 /* LeknesTests.swift in Sources */ = {isa = PBXBuildFile; fileRef = E18337F1244C673000F5C780 /* LeknesTests.swift */; };
		E1927C612452EA0700C52BBA /* LeknesUITests.swift in Sources */ = {isa = PBXBuildFile; fileRef = E1927C602452EA0700C52BBA /* LeknesUITests.swift */; };
		E1927C682452EA5000C52BBA /* libTestLib.a in Frameworks */ = {isa = PBXBuildFile; fileRef = E1927C592452E9C300C52BBA /* libTestLib.a */; };
		E1927C6A2452EBFE00C52BBA /* AppFramework.framework in CopyFiles */ = {isa = PBXBuildFile; fileRef = E1927C572452E9C300C52BBA /* AppFramework.framework */; settings = {ATTRIBUTES = (CodeSignOnCopy, ); }; };
		E1927C6C2452ECC300C52BBA /* EarlGrey.swift in Sources */ = {isa = PBXBuildFile; fileRef = E1927C6B2452ECC300C52BBA /* EarlGrey.swift */; };
		E1AEE716245312370082514F /* EarlGreyHelpers.swift in Sources */ = {isa = PBXBuildFile; fileRef = E1AEE715245312370082514F /* EarlGreyHelpers.swift */; };
		E1AEE71D245321140082514F /* LeknesDateFormatter.swift in Sources */ = {isa = PBXBuildFile; fileRef = E1AEE71C245321140082514F /* LeknesDateFormatter.swift */; };
		E1AEE71E245321930082514F /* LeknesDateFormatter.swift in Sources */ = {isa = PBXBuildFile; fileRef = E1AEE71C245321140082514F /* LeknesDateFormatter.swift */; };
		E1AEE721245401040082514F /* BaseJourneyTest.swift in Sources */ = {isa = PBXBuildFile; fileRef = E1AEE720245401040082514F /* BaseJourneyTest.swift */; };
		E1AEE724245401F20082514F /* ApplicationErrorReporter.swift in Sources */ = {isa = PBXBuildFile; fileRef = E1AEE723245401F20082514F /* ApplicationErrorReporter.swift */; };
		E1AEE725245403940082514F /* ApplicationErrorReporter.swift in Sources */ = {isa = PBXBuildFile; fileRef = E1AEE723245401F20082514F /* ApplicationErrorReporter.swift */; };
		E1AEE72F245436FC0082514F /* String+Extension.swift in Sources */ = {isa = PBXBuildFile; fileRef = E1AEE72E245436FC0082514F /* String+Extension.swift */; };
		E1B5A4E624483BF900F67BD7 /* MainViewCoordinator.swift in Sources */ = {isa = PBXBuildFile; fileRef = E1B5A4E524483BF900F67BD7 /* MainViewCoordinator.swift */; };
		E1B5A4E824483D9300F67BD7 /* NotesViewController.swift in Sources */ = {isa = PBXBuildFile; fileRef = E1B5A4E724483D9300F67BD7 /* NotesViewController.swift */; };
		E1B5A4EA24483DA500F67BD7 /* NotesViewController.storyboard in Resources */ = {isa = PBXBuildFile; fileRef = E1B5A4E924483DA500F67BD7 /* NotesViewController.storyboard */; };
		E1B5A4EC244842EB00F67BD7 /* NotesViewModel.swift in Sources */ = {isa = PBXBuildFile; fileRef = E1B5A4EB244842EB00F67BD7 /* NotesViewModel.swift */; };
		E1B5A4EE2448430700F67BD7 /* NewNoteViewController.swift in Sources */ = {isa = PBXBuildFile; fileRef = E1B5A4ED2448430700F67BD7 /* NewNoteViewController.swift */; };
		E1B5A4F02448431800F67BD7 /* NewNoteViewController.storyboard in Resources */ = {isa = PBXBuildFile; fileRef = E1B5A4EF2448431800F67BD7 /* NewNoteViewController.storyboard */; };
		E1B5A4F22448432600F67BD7 /* NewNoteViewModel.swift in Sources */ = {isa = PBXBuildFile; fileRef = E1B5A4F12448432600F67BD7 /* NewNoteViewModel.swift */; };
		E1D7226E2454458200D73234 /* Localizable.strings in Resources */ = {isa = PBXBuildFile; fileRef = E1D722702454458200D73234 /* Localizable.strings */; };
		E1D7227424544F6000D73234 /* Localizable.strings in Resources */ = {isa = PBXBuildFile; fileRef = E1D722702454458200D73234 /* Localizable.strings */; };
		E1D7227524544F6100D73234 /* Localizable.strings in Resources */ = {isa = PBXBuildFile; fileRef = E1D722702454458200D73234 /* Localizable.strings */; };
		FE90E2631804226B2B523BDA /* Pods_LeknesTests.framework in Frameworks */ = {isa = PBXBuildFile; fileRef = 58CA69911A01C12B189F0D24 /* Pods_LeknesTests.framework */; };
/* End PBXBuildFile section */

/* Begin PBXContainerItemProxy section */
		E18337F4244C673000F5C780 /* PBXContainerItemProxy */ = {
			isa = PBXContainerItemProxy;
			containerPortal = E17345342445E3DA007CD373 /* Project object */;
			proxyType = 1;
			remoteGlobalIDString = E173453B2445E3DA007CD373;
			remoteInfo = Leknes;
		};
		E1927C522452E9C300C52BBA /* PBXContainerItemProxy */ = {
			isa = PBXContainerItemProxy;
			containerPortal = E1927C4A2452E9C300C52BBA /* EarlGrey.xcodeproj */;
			proxyType = 2;
			remoteGlobalIDString = FD62395120F56A9700049E81;
			remoteInfo = CommonLib;
		};
		E1927C542452E9C300C52BBA /* PBXContainerItemProxy */ = {
			isa = PBXContainerItemProxy;
			containerPortal = E1927C4A2452E9C300C52BBA /* EarlGrey.xcodeproj */;
			proxyType = 2;
			remoteGlobalIDString = FDF9E03520F82D090005DCF2;
			remoteInfo = UILib;
		};
		E1927C562452E9C300C52BBA /* PBXContainerItemProxy */ = {
			isa = PBXContainerItemProxy;
			containerPortal = E1927C4A2452E9C300C52BBA /* EarlGrey.xcodeproj */;
			proxyType = 2;
			remoteGlobalIDString = FD623A4920F957BE00049E81;
			remoteInfo = AppFramework;
		};
		E1927C582452E9C300C52BBA /* PBXContainerItemProxy */ = {
			isa = PBXContainerItemProxy;
			containerPortal = E1927C4A2452E9C300C52BBA /* EarlGrey.xcodeproj */;
			proxyType = 2;
			remoteGlobalIDString = FD5048F820FB225100261CBE;
			remoteInfo = TestLib;
		};
		E1927C632452EA0700C52BBA /* PBXContainerItemProxy */ = {
			isa = PBXContainerItemProxy;
			containerPortal = E17345342445E3DA007CD373 /* Project object */;
			proxyType = 1;
			remoteGlobalIDString = E173453B2445E3DA007CD373;
			remoteInfo = Leknes;
		};
/* End PBXContainerItemProxy section */

/* Begin PBXCopyFilesBuildPhase section */
		E1927C692452EB0100C52BBA /* CopyFiles */ = {
			isa = PBXCopyFilesBuildPhase;
			buildActionMask = 2147483647;
			dstPath = "$(TARGET_BUILD_DIR)/../../Leknes.app/Frameworks";
			dstSubfolderSpec = 0;
			files = (
				E1927C6A2452EBFE00C52BBA /* AppFramework.framework in CopyFiles */,
			);
			runOnlyForDeploymentPostprocessing = 0;
		};
/* End PBXCopyFilesBuildPhase section */

/* Begin PBXFileReference section */
		09B3F6884DC7CB97268D87C1 /* Pods_Leknes.framework */ = {isa = PBXFileReference; explicitFileType = wrapper.framework; includeInIndex = 0; path = Pods_Leknes.framework; sourceTree = BUILT_PRODUCTS_DIR; };
		58CA69911A01C12B189F0D24 /* Pods_LeknesTests.framework */ = {isa = PBXFileReference; explicitFileType = wrapper.framework; includeInIndex = 0; path = Pods_LeknesTests.framework; sourceTree = BUILT_PRODUCTS_DIR; };
		7AAEC2C26CCF334A43160867 /* Pods-Leknes.debug.xcconfig */ = {isa = PBXFileReference; includeInIndex = 1; lastKnownFileType = text.xcconfig; name = "Pods-Leknes.debug.xcconfig"; path = "Target Support Files/Pods-Leknes/Pods-Leknes.debug.xcconfig"; sourceTree = "<group>"; };
		7F65442E946CC175088ED293 /* Pods-Leknes.release.xcconfig */ = {isa = PBXFileReference; includeInIndex = 1; lastKnownFileType = text.xcconfig; name = "Pods-Leknes.release.xcconfig"; path = "Target Support Files/Pods-Leknes/Pods-Leknes.release.xcconfig"; sourceTree = "<group>"; };
		CF52052EF8135D726566BC25 /* Pods-LeknesTests.release.xcconfig */ = {isa = PBXFileReference; includeInIndex = 1; lastKnownFileType = text.xcconfig; name = "Pods-LeknesTests.release.xcconfig"; path = "Target Support Files/Pods-LeknesTests/Pods-LeknesTests.release.xcconfig"; sourceTree = "<group>"; };
		E1573371244AEA3100B3AAD8 /* NotesCoordinator.swift */ = {isa = PBXFileReference; lastKnownFileType = sourcecode.swift; path = NotesCoordinator.swift; sourceTree = "<group>"; };
		E1573373244AEA6800B3AAD8 /* NotesCoordinatorModel.swift */ = {isa = PBXFileReference; lastKnownFileType = sourcecode.swift; path = NotesCoordinatorModel.swift; sourceTree = "<group>"; };
		E1573375244AEAB500B3AAD8 /* NavigationStackAction.swift */ = {isa = PBXFileReference; lastKnownFileType = sourcecode.swift; path = NavigationStackAction.swift; sourceTree = "<group>"; };
		E1573377244AECEF00B3AAD8 /* Router.swift */ = {isa = PBXFileReference; lastKnownFileType = sourcecode.swift; path = Router.swift; sourceTree = "<group>"; };
		E1573379244AED4100B3AAD8 /* UIViewController+Extension.swift */ = {isa = PBXFileReference; lastKnownFileType = sourcecode.swift; path = "UIViewController+Extension.swift"; sourceTree = "<group>"; };
		E157337B244AEDA400B3AAD8 /* ViewControllerProtocol.swift */ = {isa = PBXFileReference; lastKnownFileType = sourcecode.swift; path = ViewControllerProtocol.swift; sourceTree = "<group>"; };
		E1573382244B447B00B3AAD8 /* Welcome.swift */ = {isa = PBXFileReference; lastKnownFileType = sourcecode.swift; path = Welcome.swift; sourceTree = "<group>"; };
		E1573384244B448E00B3AAD8 /* Welcome.xib */ = {isa = PBXFileReference; lastKnownFileType = file.xib; path = Welcome.xib; sourceTree = "<group>"; };
		E1573387244B469700B3AAD8 /* UIViewLoadNib.swift */ = {isa = PBXFileReference; lastKnownFileType = sourcecode.swift; path = UIViewLoadNib.swift; sourceTree = "<group>"; };
		E157338A244B4AFA00B3AAD8 /* AppFonts.swift */ = {isa = PBXFileReference; lastKnownFileType = sourcecode.swift; path = AppFonts.swift; sourceTree = "<group>"; };
		E157338C244B4C3100B3AAD8 /* ColorTheme.swift */ = {isa = PBXFileReference; lastKnownFileType = sourcecode.swift; path = ColorTheme.swift; sourceTree = "<group>"; };
		E157338E244B511600B3AAD8 /* UIView+Extension.swift */ = {isa = PBXFileReference; lastKnownFileType = sourcecode.swift; path = "UIView+Extension.swift"; sourceTree = "<group>"; };
		E173453C2445E3DA007CD373 /* Leknes.app */ = {isa = PBXFileReference; explicitFileType = wrapper.application; includeInIndex = 0; path = Leknes.app; sourceTree = BUILT_PRODUCTS_DIR; };
		E173453F2445E3DA007CD373 /* AppDelegate.swift */ = {isa = PBXFileReference; lastKnownFileType = sourcecode.swift; path = AppDelegate.swift; sourceTree = "<group>"; };
		E17345412445E3DA007CD373 /* SceneDelegate.swift */ = {isa = PBXFileReference; lastKnownFileType = sourcecode.swift; path = SceneDelegate.swift; sourceTree = "<group>"; };
		E17345432445E3DA007CD373 /* MainViewController.swift */ = {isa = PBXFileReference; lastKnownFileType = sourcecode.swift; path = MainViewController.swift; sourceTree = "<group>"; };
		E17345462445E3DA007CD373 /* Base */ = {isa = PBXFileReference; lastKnownFileType = file.storyboard; name = Base; path = Base.lproj/MainViewController.storyboard; sourceTree = "<group>"; };
		E17345482445E3DD007CD373 /* Assets.xcassets */ = {isa = PBXFileReference; lastKnownFileType = folder.assetcatalog; path = Assets.xcassets; sourceTree = "<group>"; };
		E173454B2445E3DD007CD373 /* Base */ = {isa = PBXFileReference; lastKnownFileType = file.storyboard; name = Base; path = Base.lproj/LaunchScreen.storyboard; sourceTree = "<group>"; };
		E173454D2445E3DD007CD373 /* Info.plist */ = {isa = PBXFileReference; lastKnownFileType = text.plist.xml; path = Info.plist; sourceTree = "<group>"; };
		E1806ED6244DE79600296D82 /* ProfileViewModelSpec.swift */ = {isa = PBXFileReference; lastKnownFileType = sourcecode.swift; path = ProfileViewModelSpec.swift; sourceTree = "<group>"; };
		E1806ED9244DE88D00296D82 /* ObservableHelpers.swift */ = {isa = PBXFileReference; lastKnownFileType = sourcecode.swift; path = ObservableHelpers.swift; sourceTree = "<group>"; };
		E18337EF244C673000F5C780 /* LeknesTests.xctest */ = {isa = PBXFileReference; explicitFileType = wrapper.cfbundle; includeInIndex = 0; path = LeknesTests.xctest; sourceTree = BUILT_PRODUCTS_DIR; };
		E18337F1244C673000F5C780 /* LeknesTests.swift */ = {isa = PBXFileReference; lastKnownFileType = sourcecode.swift; path = LeknesTests.swift; sourceTree = "<group>"; };
		E18337F3244C673000F5C780 /* Info.plist */ = {isa = PBXFileReference; lastKnownFileType = text.plist.xml; path = Info.plist; sourceTree = "<group>"; };
		E1927C4A2452E9C300C52BBA /* EarlGrey.xcodeproj */ = {isa = PBXFileReference; lastKnownFileType = "wrapper.pb-project"; name = EarlGrey.xcodeproj; path = EarlGrey/EarlGrey.xcodeproj; sourceTree = "<group>"; };
		E1927C5E2452EA0700C52BBA /* LeknesUITests.xctest */ = {isa = PBXFileReference; explicitFileType = wrapper.cfbundle; includeInIndex = 0; path = LeknesUITests.xctest; sourceTree = BUILT_PRODUCTS_DIR; };
		E1927C602452EA0700C52BBA /* LeknesUITests.swift */ = {isa = PBXFileReference; lastKnownFileType = sourcecode.swift; path = LeknesUITests.swift; sourceTree = "<group>"; };
		E1927C622452EA0700C52BBA /* Info.plist */ = {isa = PBXFileReference; lastKnownFileType = text.plist.xml; path = Info.plist; sourceTree = "<group>"; };
		E1927C6B2452ECC300C52BBA /* EarlGrey.swift */ = {isa = PBXFileReference; lastKnownFileType = sourcecode.swift; path = EarlGrey.swift; sourceTree = "<group>"; };
		E1927C6D2452EF6F00C52BBA /* EG2Header.h */ = {isa = PBXFileReference; lastKnownFileType = sourcecode.c.h; path = EG2Header.h; sourceTree = "<group>"; };
		E1AEE715245312370082514F /* EarlGreyHelpers.swift */ = {isa = PBXFileReference; lastKnownFileType = sourcecode.swift; path = EarlGreyHelpers.swift; sourceTree = "<group>"; };
		E1AEE71C245321140082514F /* LeknesDateFormatter.swift */ = {isa = PBXFileReference; lastKnownFileType = sourcecode.swift; path = LeknesDateFormatter.swift; sourceTree = "<group>"; };
		E1AEE720245401040082514F /* BaseJourneyTest.swift */ = {isa = PBXFileReference; lastKnownFileType = sourcecode.swift; path = BaseJourneyTest.swift; sourceTree = "<group>"; };
		E1AEE723245401F20082514F /* ApplicationErrorReporter.swift */ = {isa = PBXFileReference; lastKnownFileType = sourcecode.swift; path = ApplicationErrorReporter.swift; sourceTree = "<group>"; };
		E1AEE72E245436FC0082514F /* String+Extension.swift */ = {isa = PBXFileReference; lastKnownFileType = sourcecode.swift; path = "String+Extension.swift"; sourceTree = "<group>"; };
		E1B5A4E524483BF900F67BD7 /* MainViewCoordinator.swift */ = {isa = PBXFileReference; lastKnownFileType = sourcecode.swift; path = MainViewCoordinator.swift; sourceTree = "<group>"; };
		E1B5A4E724483D9300F67BD7 /* NotesViewController.swift */ = {isa = PBXFileReference; lastKnownFileType = sourcecode.swift; path = NotesViewController.swift; sourceTree = "<group>"; };
		E1B5A4E924483DA500F67BD7 /* NotesViewController.storyboard */ = {isa = PBXFileReference; lastKnownFileType = file.storyboard; path = NotesViewController.storyboard; sourceTree = "<group>"; };
		E1B5A4EB244842EB00F67BD7 /* NotesViewModel.swift */ = {isa = PBXFileReference; lastKnownFileType = sourcecode.swift; path = NotesViewModel.swift; sourceTree = "<group>"; };
		E1B5A4ED2448430700F67BD7 /* NewNoteViewController.swift */ = {isa = PBXFileReference; lastKnownFileType = sourcecode.swift; path = NewNoteViewController.swift; sourceTree = "<group>"; };
		E1B5A4EF2448431800F67BD7 /* NewNoteViewController.storyboard */ = {isa = PBXFileReference; lastKnownFileType = file.storyboard; path = NewNoteViewController.storyboard; sourceTree = "<group>"; };
		E1B5A4F12448432600F67BD7 /* NewNoteViewModel.swift */ = {isa = PBXFileReference; lastKnownFileType = sourcecode.swift; path = NewNoteViewModel.swift; sourceTree = "<group>"; };
		E1D7226D2454453400D73234 /* en-GB */ = {isa = PBXFileReference; lastKnownFileType = text.plist.strings; name = "en-GB"; path = "en-GB.lproj/MainViewController.strings"; sourceTree = "<group>"; };
		E1D7226F2454458200D73234 /* en */ = {isa = PBXFileReference; lastKnownFileType = text.plist.strings; name = en; path = en.lproj/Localizable.strings; sourceTree = "<group>"; };
		F231DD39999130FDB43BB34F /* Pods-LeknesTests.debug.xcconfig */ = {isa = PBXFileReference; includeInIndex = 1; lastKnownFileType = text.xcconfig; name = "Pods-LeknesTests.debug.xcconfig"; path = "Target Support Files/Pods-LeknesTests/Pods-LeknesTests.debug.xcconfig"; sourceTree = "<group>"; };
/* End PBXFileReference section */

/* Begin PBXFrameworksBuildPhase section */
		E17345392445E3DA007CD373 /* Frameworks */ = {
			isa = PBXFrameworksBuildPhase;
			buildActionMask = 2147483647;
			files = (
				AFD68DB6F9F250AC5E4C2B96 /* Pods_Leknes.framework in Frameworks */,
			);
			runOnlyForDeploymentPostprocessing = 0;
		};
		E18337EC244C673000F5C780 /* Frameworks */ = {
			isa = PBXFrameworksBuildPhase;
			buildActionMask = 2147483647;
			files = (
				FE90E2631804226B2B523BDA /* Pods_LeknesTests.framework in Frameworks */,
			);
			runOnlyForDeploymentPostprocessing = 0;
		};
		E1927C5B2452EA0700C52BBA /* Frameworks */ = {
			isa = PBXFrameworksBuildPhase;
			buildActionMask = 2147483647;
			files = (
				E1927C682452EA5000C52BBA /* libTestLib.a in Frameworks */,
			);
			runOnlyForDeploymentPostprocessing = 0;
		};
/* End PBXFrameworksBuildPhase section */

/* Begin PBXGroup section */
		27D5AA6F6D7F67D1FD5AFD48 /* Frameworks */ = {
			isa = PBXGroup;
			children = (
				09B3F6884DC7CB97268D87C1 /* Pods_Leknes.framework */,
				58CA69911A01C12B189F0D24 /* Pods_LeknesTests.framework */,
			);
			name = Frameworks;
			sourceTree = "<group>";
		};
		83D9D13335F903C2EE7CAFA9 /* Pods */ = {
			isa = PBXGroup;
			children = (
				7AAEC2C26CCF334A43160867 /* Pods-Leknes.debug.xcconfig */,
				7F65442E946CC175088ED293 /* Pods-Leknes.release.xcconfig */,
				F231DD39999130FDB43BB34F /* Pods-LeknesTests.debug.xcconfig */,
				CF52052EF8135D726566BC25 /* Pods-LeknesTests.release.xcconfig */,
			);
			path = Pods;
			sourceTree = "<group>";
		};
		E157336C244AE82C00B3AAD8 /* Utilities */ = {
			isa = PBXGroup;
			children = (
				E1AEE729245436D30082514F /* Extensions */,
				E1AEE71B245320F70082514F /* Date */,
				E1573389244B4ACE00B3AAD8 /* Theme */,
				E1573386244B467D00B3AAD8 /* Nib */,
				E157337E244AF1DA00B3AAD8 /* Navigation */,
				E157337D244AF1AF00B3AAD8 /* View */,
			);
			path = Utilities;
			sourceTree = "<group>";
		};
		E157336F244AE9EB00B3AAD8 /* Notes */ = {
			isa = PBXGroup;
			children = (
				E1B5A4E724483D9300F67BD7 /* NotesViewController.swift */,
				E1B5A4E924483DA500F67BD7 /* NotesViewController.storyboard */,
				E1B5A4EB244842EB00F67BD7 /* NotesViewModel.swift */,
				E1573371244AEA3100B3AAD8 /* NotesCoordinator.swift */,
				E1573373244AEA6800B3AAD8 /* NotesCoordinatorModel.swift */,
			);
			path = Notes;
			sourceTree = "<group>";
		};
		E1573370244AE9F200B3AAD8 /* NewNote */ = {
			isa = PBXGroup;
			children = (
				E1B5A4ED2448430700F67BD7 /* NewNoteViewController.swift */,
				E1B5A4EF2448431800F67BD7 /* NewNoteViewController.storyboard */,
				E1B5A4F12448432600F67BD7 /* NewNoteViewModel.swift */,
			);
			path = NewNote;
			sourceTree = "<group>";
		};
		E157337D244AF1AF00B3AAD8 /* View */ = {
			isa = PBXGroup;
			children = (
				E1573379244AED4100B3AAD8 /* UIViewController+Extension.swift */,
				E157337B244AEDA400B3AAD8 /* ViewControllerProtocol.swift */,
			);
			path = View;
			sourceTree = "<group>";
		};
		E157337E244AF1DA00B3AAD8 /* Navigation */ = {
			isa = PBXGroup;
			children = (
				E1573375244AEAB500B3AAD8 /* NavigationStackAction.swift */,
				E1573377244AECEF00B3AAD8 /* Router.swift */,
			);
			path = Navigation;
			sourceTree = "<group>";
		};
		E1573381244B446100B3AAD8 /* Nib */ = {
			isa = PBXGroup;
			children = (
				E1573382244B447B00B3AAD8 /* Welcome.swift */,
				E1573384244B448E00B3AAD8 /* Welcome.xib */,
			);
			path = Nib;
			sourceTree = "<group>";
		};
		E1573386244B467D00B3AAD8 /* Nib */ = {
			isa = PBXGroup;
			children = (
				E1573387244B469700B3AAD8 /* UIViewLoadNib.swift */,
				E157338E244B511600B3AAD8 /* UIView+Extension.swift */,
			);
			path = Nib;
			sourceTree = "<group>";
		};
		E1573389244B4ACE00B3AAD8 /* Theme */ = {
			isa = PBXGroup;
			children = (
				E157338A244B4AFA00B3AAD8 /* AppFonts.swift */,
				E157338C244B4C3100B3AAD8 /* ColorTheme.swift */,
			);
			path = Theme;
			sourceTree = "<group>";
		};
		E17345332445E3DA007CD373 = {
			isa = PBXGroup;
			children = (
				E1927C4A2452E9C300C52BBA /* EarlGrey.xcodeproj */,
				E173453E2445E3DA007CD373 /* Leknes */,
				E18337F0244C673000F5C780 /* LeknesTests */,
				E1927C5F2452EA0700C52BBA /* LeknesUITests */,
				E173453D2445E3DA007CD373 /* Products */,
				83D9D13335F903C2EE7CAFA9 /* Pods */,
				27D5AA6F6D7F67D1FD5AFD48 /* Frameworks */,
			);
			sourceTree = "<group>";
		};
		E173453D2445E3DA007CD373 /* Products */ = {
			isa = PBXGroup;
			children = (
				E173453C2445E3DA007CD373 /* Leknes.app */,
				E18337EF244C673000F5C780 /* LeknesTests.xctest */,
				E1927C5E2452EA0700C52BBA /* LeknesUITests.xctest */,
			);
			name = Products;
			sourceTree = "<group>";
		};
		E173453E2445E3DA007CD373 /* Leknes */ = {
			isa = PBXGroup;
			children = (
				E1D722682454407300D73234 /* Resources */,
				E1B5A4E424483BD600F67BD7 /* App */,
				E173453F2445E3DA007CD373 /* AppDelegate.swift */,
				E17345412445E3DA007CD373 /* SceneDelegate.swift */,
				E17345432445E3DA007CD373 /* MainViewController.swift */,
				E17345452445E3DA007CD373 /* MainViewController.storyboard */,
				E17345482445E3DD007CD373 /* Assets.xcassets */,
				E173454A2445E3DD007CD373 /* LaunchScreen.storyboard */,
				E173454D2445E3DD007CD373 /* Info.plist */,
			);
			path = Leknes;
			sourceTree = "<group>";
		};
		E1806ED5244DE44300296D82 /* Profile */ = {
			isa = PBXGroup;
			children = (
				E1806ED6244DE79600296D82 /* ProfileViewModelSpec.swift */,
			);
			path = Profile;
			sourceTree = "<group>";
		};
		E1806ED8244DE87300296D82 /* Utilities */ = {
			isa = PBXGroup;
			children = (
				E1806ED9244DE88D00296D82 /* ObservableHelpers.swift */,
			);
			path = Utilities;
			sourceTree = "<group>";
		};
		E18337F0244C673000F5C780 /* LeknesTests */ = {
			isa = PBXGroup;
			children = (
				E1806ED8244DE87300296D82 /* Utilities */,
				E1806ED5244DE44300296D82 /* Profile */,
				E18337F1244C673000F5C780 /* LeknesTests.swift */,
				E18337F3244C673000F5C780 /* Info.plist */,
			);
			path = LeknesTests;
			sourceTree = "<group>";
		};
		E1927C4B2452E9C300C52BBA /* Products */ = {
			isa = PBXGroup;
			children = (
				E1927C532452E9C300C52BBA /* libCommonLib.a */,
				E1927C552452E9C300C52BBA /* libUILib.a */,
				E1927C572452E9C300C52BBA /* AppFramework.framework */,
				E1927C592452E9C300C52BBA /* libTestLib.a */,
			);
			name = Products;
			sourceTree = "<group>";
		};
		E1927C5F2452EA0700C52BBA /* LeknesUITests */ = {
			isa = PBXGroup;
			children = (
				E1AEE71F245400E20082514F /* EarlGreyHelper */,
				E1927C602452EA0700C52BBA /* LeknesUITests.swift */,
				E1927C622452EA0700C52BBA /* Info.plist */,
			);
			path = LeknesUITests;
			sourceTree = "<group>";
		};
		E1AEE71B245320F70082514F /* Date */ = {
			isa = PBXGroup;
			children = (
				E1AEE71C245321140082514F /* LeknesDateFormatter.swift */,
			);
			path = Date;
			sourceTree = "<group>";
		};
		E1AEE71F245400E20082514F /* EarlGreyHelper */ = {
			isa = PBXGroup;
			children = (
				E1927C6D2452EF6F00C52BBA /* EG2Header.h */,
				E1AEE715245312370082514F /* EarlGreyHelpers.swift */,
				E1927C6B2452ECC300C52BBA /* EarlGrey.swift */,
				E1AEE720245401040082514F /* BaseJourneyTest.swift */,
			);
			path = EarlGreyHelper;
			sourceTree = "<group>";
		};
		E1AEE722245401D10082514F /* Error */ = {
			isa = PBXGroup;
			children = (
				E1AEE723245401F20082514F /* ApplicationErrorReporter.swift */,
			);
			path = Error;
			sourceTree = "<group>";
		};
		E1AEE729245436D30082514F /* Extensions */ = {
			isa = PBXGroup;
			children = (
				E1AEE72E245436FC0082514F /* String+Extension.swift */,
			);
			path = Extensions;
			sourceTree = "<group>";
		};
		E1B5A4E424483BD600F67BD7 /* App */ = {
			isa = PBXGroup;
			children = (
				E1AEE722245401D10082514F /* Error */,
				E1573381244B446100B3AAD8 /* Nib */,
				E1573370244AE9F200B3AAD8 /* NewNote */,
				E157336F244AE9EB00B3AAD8 /* Notes */,
				E157336C244AE82C00B3AAD8 /* Utilities */,
				E1B5A4E524483BF900F67BD7 /* MainViewCoordinator.swift */,
			);
			path = App;
			sourceTree = "<group>";
		};
		E1D722682454407300D73234 /* Resources */ = {
			isa = PBXGroup;
			children = (
				E1D722702454458200D73234 /* Localizable.strings */,
			);
			path = Resources;
			sourceTree = "<group>";
		};
/* End PBXGroup section */

/* Begin PBXNativeTarget section */
		E173453B2445E3DA007CD373 /* Leknes */ = {
			isa = PBXNativeTarget;
			buildConfigurationList = E17345502445E3DD007CD373 /* Build configuration list for PBXNativeTarget "Leknes" */;
			buildPhases = (
				4D7472E1A978F69A4DC0AA78 /* [CP] Check Pods Manifest.lock */,
				E17345382445E3DA007CD373 /* Sources */,
				E17345392445E3DA007CD373 /* Frameworks */,
				E173453A2445E3DA007CD373 /* Resources */,
				23F2ADEB78727104FE0085C4 /* [CP] Embed Pods Frameworks */,
				E1B5A4E32448313200F67BD7 /* ShellScript */,
			);
			buildRules = (
			);
			dependencies = (
			);
			name = Leknes;
			productName = Leknes;
			productReference = E173453C2445E3DA007CD373 /* Leknes.app */;
			productType = "com.apple.product-type.application";
		};
		E18337EE244C673000F5C780 /* LeknesTests */ = {
			isa = PBXNativeTarget;
			buildConfigurationList = E18337F8244C673000F5C780 /* Build configuration list for PBXNativeTarget "LeknesTests" */;
			buildPhases = (
				BF9919AFAC50EC180214A66A /* [CP] Check Pods Manifest.lock */,
				E18337EB244C673000F5C780 /* Sources */,
				E18337EC244C673000F5C780 /* Frameworks */,
				E18337ED244C673000F5C780 /* Resources */,
				F8B9BDA041E3B5F924D001E5 /* [CP] Embed Pods Frameworks */,
			);
			buildRules = (
			);
			dependencies = (
				E18337F5244C673000F5C780 /* PBXTargetDependency */,
			);
			name = LeknesTests;
			productName = LeknesTests;
			productReference = E18337EF244C673000F5C780 /* LeknesTests.xctest */;
			productType = "com.apple.product-type.bundle.unit-test";
		};
		E1927C5D2452EA0700C52BBA /* LeknesUITests */ = {
			isa = PBXNativeTarget;
			buildConfigurationList = E1927C652452EA0700C52BBA /* Build configuration list for PBXNativeTarget "LeknesUITests" */;
			buildPhases = (
				E1927C5A2452EA0700C52BBA /* Sources */,
				E1927C5B2452EA0700C52BBA /* Frameworks */,
				E1927C5C2452EA0700C52BBA /* Resources */,
				E1927C692452EB0100C52BBA /* CopyFiles */,
			);
			buildRules = (
			);
			dependencies = (
				E1927C642452EA0700C52BBA /* PBXTargetDependency */,
			);
			name = LeknesUITests;
			productName = LeknesUITests;
			productReference = E1927C5E2452EA0700C52BBA /* LeknesUITests.xctest */;
			productType = "com.apple.product-type.bundle.ui-testing";
		};
/* End PBXNativeTarget section */

/* Begin PBXProject section */
		E17345342445E3DA007CD373 /* Project object */ = {
			isa = PBXProject;
			attributes = {
				LastSwiftUpdateCheck = 1120;
				LastUpgradeCheck = 1120;
				ORGANIZATIONNAME = "Rajesh Billakanti";
				TargetAttributes = {
					E173453B2445E3DA007CD373 = {
						CreatedOnToolsVersion = 11.2.1;
					};
					E18337EE244C673000F5C780 = {
						CreatedOnToolsVersion = 11.2.1;
						TestTargetID = E173453B2445E3DA007CD373;
					};
					E1927C5D2452EA0700C52BBA = {
						CreatedOnToolsVersion = 11.2.1;
						TestTargetID = E173453B2445E3DA007CD373;
					};
				};
			};
			buildConfigurationList = E17345372445E3DA007CD373 /* Build configuration list for PBXProject "Leknes" */;
			compatibilityVersion = "Xcode 9.3";
			developmentRegion = en;
			hasScannedForEncodings = 0;
			knownRegions = (
				en,
				Base,
				"en-GB",
			);
			mainGroup = E17345332445E3DA007CD373;
			productRefGroup = E173453D2445E3DA007CD373 /* Products */;
			projectDirPath = "";
			projectReferences = (
				{
					ProductGroup = E1927C4B2452E9C300C52BBA /* Products */;
					ProjectRef = E1927C4A2452E9C300C52BBA /* EarlGrey.xcodeproj */;
				},
			);
			projectRoot = "";
			targets = (
				E173453B2445E3DA007CD373 /* Leknes */,
				E18337EE244C673000F5C780 /* LeknesTests */,
				E1927C5D2452EA0700C52BBA /* LeknesUITests */,
			);
		};
/* End PBXProject section */

/* Begin PBXReferenceProxy section */
		E1927C532452E9C300C52BBA /* libCommonLib.a */ = {
			isa = PBXReferenceProxy;
			fileType = archive.ar;
			path = libCommonLib.a;
			remoteRef = E1927C522452E9C300C52BBA /* PBXContainerItemProxy */;
			sourceTree = BUILT_PRODUCTS_DIR;
		};
		E1927C552452E9C300C52BBA /* libUILib.a */ = {
			isa = PBXReferenceProxy;
			fileType = archive.ar;
			path = libUILib.a;
			remoteRef = E1927C542452E9C300C52BBA /* PBXContainerItemProxy */;
			sourceTree = BUILT_PRODUCTS_DIR;
		};
		E1927C572452E9C300C52BBA /* AppFramework.framework */ = {
			isa = PBXReferenceProxy;
			fileType = wrapper.framework;
			path = AppFramework.framework;
			remoteRef = E1927C562452E9C300C52BBA /* PBXContainerItemProxy */;
			sourceTree = BUILT_PRODUCTS_DIR;
		};
		E1927C592452E9C300C52BBA /* libTestLib.a */ = {
			isa = PBXReferenceProxy;
			fileType = archive.ar;
			path = libTestLib.a;
			remoteRef = E1927C582452E9C300C52BBA /* PBXContainerItemProxy */;
			sourceTree = BUILT_PRODUCTS_DIR;
		};
/* End PBXReferenceProxy section */

/* Begin PBXResourcesBuildPhase section */
		E173453A2445E3DA007CD373 /* Resources */ = {
			isa = PBXResourcesBuildPhase;
			buildActionMask = 2147483647;
			files = (
				E1573385244B448E00B3AAD8 /* Welcome.xib in Resources */,
				E1B5A4EA24483DA500F67BD7 /* NotesViewController.storyboard in Resources */,
				E173454C2445E3DD007CD373 /* LaunchScreen.storyboard in Resources */,
				E17345492445E3DD007CD373 /* Assets.xcassets in Resources */,
				E1D7226E2454458200D73234 /* Localizable.strings in Resources */,
				E1B5A4F02448431800F67BD7 /* NewNoteViewController.storyboard in Resources */,
				E17345472445E3DA007CD373 /* MainViewController.storyboard in Resources */,
			);
			runOnlyForDeploymentPostprocessing = 0;
		};
		E18337ED244C673000F5C780 /* Resources */ = {
			isa = PBXResourcesBuildPhase;
			buildActionMask = 2147483647;
			files = (
				E1D7227524544F6100D73234 /* Localizable.strings in Resources */,
			);
			runOnlyForDeploymentPostprocessing = 0;
		};
		E1927C5C2452EA0700C52BBA /* Resources */ = {
			isa = PBXResourcesBuildPhase;
			buildActionMask = 2147483647;
			files = (
				E1D7227424544F6000D73234 /* Localizable.strings in Resources */,
			);
			runOnlyForDeploymentPostprocessing = 0;
		};
/* End PBXResourcesBuildPhase section */

/* Begin PBXShellScriptBuildPhase section */
		23F2ADEB78727104FE0085C4 /* [CP] Embed Pods Frameworks */ = {
			isa = PBXShellScriptBuildPhase;
			buildActionMask = 2147483647;
			files = (
			);
			inputFileListPaths = (
				"${PODS_ROOT}/Target Support Files/Pods-Leknes/Pods-Leknes-frameworks-${CONFIGURATION}-input-files.xcfilelist",
			);
			name = "[CP] Embed Pods Frameworks";
			outputFileListPaths = (
				"${PODS_ROOT}/Target Support Files/Pods-Leknes/Pods-Leknes-frameworks-${CONFIGURATION}-output-files.xcfilelist",
			);
			runOnlyForDeploymentPostprocessing = 0;
			shellPath = /bin/sh;
			shellScript = "\"${PODS_ROOT}/Target Support Files/Pods-Leknes/Pods-Leknes-frameworks.sh\"\n";
			showEnvVarsInLog = 0;
		};
		4D7472E1A978F69A4DC0AA78 /* [CP] Check Pods Manifest.lock */ = {
			isa = PBXShellScriptBuildPhase;
			buildActionMask = 2147483647;
			files = (
			);
			inputFileListPaths = (
			);
			inputPaths = (
				"${PODS_PODFILE_DIR_PATH}/Podfile.lock",
				"${PODS_ROOT}/Manifest.lock",
			);
			name = "[CP] Check Pods Manifest.lock";
			outputFileListPaths = (
			);
			outputPaths = (
				"$(DERIVED_FILE_DIR)/Pods-Leknes-checkManifestLockResult.txt",
			);
			runOnlyForDeploymentPostprocessing = 0;
			shellPath = /bin/sh;
			shellScript = "diff \"${PODS_PODFILE_DIR_PATH}/Podfile.lock\" \"${PODS_ROOT}/Manifest.lock\" > /dev/null\nif [ $? != 0 ] ; then\n    # print error to STDERR\n    echo \"error: The sandbox is not in sync with the Podfile.lock. Run 'pod install' or update your CocoaPods installation.\" >&2\n    exit 1\nfi\n# This output is used by Xcode 'outputs' to avoid re-running this script phase.\necho \"SUCCESS\" > \"${SCRIPT_OUTPUT_FILE_0}\"\n";
			showEnvVarsInLog = 0;
		};
		BF9919AFAC50EC180214A66A /* [CP] Check Pods Manifest.lock */ = {
			isa = PBXShellScriptBuildPhase;
			buildActionMask = 2147483647;
			files = (
			);
			inputFileListPaths = (
			);
			inputPaths = (
				"${PODS_PODFILE_DIR_PATH}/Podfile.lock",
				"${PODS_ROOT}/Manifest.lock",
			);
			name = "[CP] Check Pods Manifest.lock";
			outputFileListPaths = (
			);
			outputPaths = (
				"$(DERIVED_FILE_DIR)/Pods-LeknesTests-checkManifestLockResult.txt",
			);
			runOnlyForDeploymentPostprocessing = 0;
			shellPath = /bin/sh;
			shellScript = "diff \"${PODS_PODFILE_DIR_PATH}/Podfile.lock\" \"${PODS_ROOT}/Manifest.lock\" > /dev/null\nif [ $? != 0 ] ; then\n    # print error to STDERR\n    echo \"error: The sandbox is not in sync with the Podfile.lock. Run 'pod install' or update your CocoaPods installation.\" >&2\n    exit 1\nfi\n# This output is used by Xcode 'outputs' to avoid re-running this script phase.\necho \"SUCCESS\" > \"${SCRIPT_OUTPUT_FILE_0}\"\n";
			showEnvVarsInLog = 0;
		};
		E1B5A4E32448313200F67BD7 /* ShellScript */ = {
			isa = PBXShellScriptBuildPhase;
			buildActionMask = 2147483647;
			files = (
			);
			inputFileListPaths = (
			);
			inputPaths = (
			);
			outputFileListPaths = (
			);
			outputPaths = (
			);
			runOnlyForDeploymentPostprocessing = 0;
			shellPath = /bin/sh;
			shellScript = "${PODS_ROOT}/SwiftLint/swiftlint --config ${PROJECT_DIR}/../.swiftlint.yml\n\necho \"autocorrecting\"\n\n### autocorrecting files which are modified but not staged\ngit diff --name-only --diff-filter=d | egrep '\\.swift' | while read filename; do\n    #### we need to remove the prefix of 'SIAMobile/SIAMobile/'\n    ${PODS_ROOT}/SwiftLint/swiftlint autocorrect --path \"${filename#Leknes/}\"\ndone\n\n### autocorrecting files which are staged\ngit diff --cached --name-only --diff-filter=d | egrep '\\.swift' | while read filename; do\n    ${PODS_ROOT}/SwiftLint/swiftlint autocorrect --path \"${filename#Leknes/}\"\ndone\n\necho \"autocorrecting done\"\n";
		};
		F8B9BDA041E3B5F924D001E5 /* [CP] Embed Pods Frameworks */ = {
			isa = PBXShellScriptBuildPhase;
			buildActionMask = 2147483647;
			files = (
			);
			inputFileListPaths = (
				"${PODS_ROOT}/Target Support Files/Pods-LeknesTests/Pods-LeknesTests-frameworks-${CONFIGURATION}-input-files.xcfilelist",
			);
			name = "[CP] Embed Pods Frameworks";
			outputFileListPaths = (
				"${PODS_ROOT}/Target Support Files/Pods-LeknesTests/Pods-LeknesTests-frameworks-${CONFIGURATION}-output-files.xcfilelist",
			);
			runOnlyForDeploymentPostprocessing = 0;
			shellPath = /bin/sh;
			shellScript = "\"${PODS_ROOT}/Target Support Files/Pods-LeknesTests/Pods-LeknesTests-frameworks.sh\"\n";
			showEnvVarsInLog = 0;
		};
/* End PBXShellScriptBuildPhase section */

/* Begin PBXSourcesBuildPhase section */
		E17345382445E3DA007CD373 /* Sources */ = {
			isa = PBXSourcesBuildPhase;
			buildActionMask = 2147483647;
			files = (
				E1B5A4E624483BF900F67BD7 /* MainViewCoordinator.swift in Sources */,
				E17345442445E3DA007CD373 /* MainViewController.swift in Sources */,
				E17345402445E3DA007CD373 /* AppDelegate.swift in Sources */,
				E1AEE724245401F20082514F /* ApplicationErrorReporter.swift in Sources */,
				E157337A244AED4100B3AAD8 /* UIViewController+Extension.swift in Sources */,
				E1573383244B447B00B3AAD8 /* Welcome.swift in Sources */,
				E1AEE72F245436FC0082514F /* String+Extension.swift in Sources */,
				E1573374244AEA6800B3AAD8 /* NotesCoordinatorModel.swift in Sources */,
				E157338D244B4C3100B3AAD8 /* ColorTheme.swift in Sources */,
				E1B5A4F22448432600F67BD7 /* NewNoteViewModel.swift in Sources */,
				E17345422445E3DA007CD373 /* SceneDelegate.swift in Sources */,
				E157337C244AEDA400B3AAD8 /* ViewControllerProtocol.swift in Sources */,
				E1B5A4EE2448430700F67BD7 /* NewNoteViewController.swift in Sources */,
				E1B5A4E824483D9300F67BD7 /* NotesViewController.swift in Sources */,
				E157338B244B4AFA00B3AAD8 /* AppFonts.swift in Sources */,
				E1573376244AEAB500B3AAD8 /* NavigationStackAction.swift in Sources */,
				E1573378244AECEF00B3AAD8 /* Router.swift in Sources */,
				E1AEE71D245321140082514F /* LeknesDateFormatter.swift in Sources */,
				E1B5A4EC244842EB00F67BD7 /* NotesViewModel.swift in Sources */,
				E1573388244B469700B3AAD8 /* UIViewLoadNib.swift in Sources */,
				E157338F244B511600B3AAD8 /* UIView+Extension.swift in Sources */,
				E1573372244AEA3100B3AAD8 /* NotesCoordinator.swift in Sources */,
			);
			runOnlyForDeploymentPostprocessing = 0;
		};
		E18337EB244C673000F5C780 /* Sources */ = {
			isa = PBXSourcesBuildPhase;
			buildActionMask = 2147483647;
			files = (
				E18337F2244C673000F5C780 /* LeknesTests.swift in Sources */,
				E1806EDA244DE88D00296D82 /* ObservableHelpers.swift in Sources */,
				E1806ED7244DE79600296D82 /* ProfileViewModelSpec.swift in Sources */,
			);
			runOnlyForDeploymentPostprocessing = 0;
		};
		E1927C5A2452EA0700C52BBA /* Sources */ = {
			isa = PBXSourcesBuildPhase;
			buildActionMask = 2147483647;
			files = (
				E1AEE71E245321930082514F /* LeknesDateFormatter.swift in Sources */,
				E1AEE721245401040082514F /* BaseJourneyTest.swift in Sources */,
				E1AEE725245403940082514F /* ApplicationErrorReporter.swift in Sources */,
				E1927C6C2452ECC300C52BBA /* EarlGrey.swift in Sources */,
				E1927C612452EA0700C52BBA /* LeknesUITests.swift in Sources */,
				E1AEE716245312370082514F /* EarlGreyHelpers.swift in Sources */,
			);
			runOnlyForDeploymentPostprocessing = 0;
		};
/* End PBXSourcesBuildPhase section */

/* Begin PBXTargetDependency section */
		E18337F5244C673000F5C780 /* PBXTargetDependency */ = {
			isa = PBXTargetDependency;
			target = E173453B2445E3DA007CD373 /* Leknes */;
			targetProxy = E18337F4244C673000F5C780 /* PBXContainerItemProxy */;
		};
		E1927C642452EA0700C52BBA /* PBXTargetDependency */ = {
			isa = PBXTargetDependency;
			target = E173453B2445E3DA007CD373 /* Leknes */;
			targetProxy = E1927C632452EA0700C52BBA /* PBXContainerItemProxy */;
		};
/* End PBXTargetDependency section */

/* Begin PBXVariantGroup section */
		E17345452445E3DA007CD373 /* MainViewController.storyboard */ = {
			isa = PBXVariantGroup;
			children = (
				E17345462445E3DA007CD373 /* Base */,
				E1D7226D2454453400D73234 /* en-GB */,
			);
			name = MainViewController.storyboard;
			sourceTree = "<group>";
		};
		E173454A2445E3DD007CD373 /* LaunchScreen.storyboard */ = {
			isa = PBXVariantGroup;
			children = (
				E173454B2445E3DD007CD373 /* Base */,
			);
			name = LaunchScreen.storyboard;
			sourceTree = "<group>";
		};
		E1D722702454458200D73234 /* Localizable.strings */ = {
			isa = PBXVariantGroup;
			children = (
				E1D7226F2454458200D73234 /* en */,
			);
			name = Localizable.strings;
			sourceTree = "<group>";
		};
/* End PBXVariantGroup section */

/* Begin XCBuildConfiguration section */
		E173454E2445E3DD007CD373 /* Debug */ = {
			isa = XCBuildConfiguration;
			buildSettings = {
				ALWAYS_SEARCH_USER_PATHS = NO;
				CLANG_ANALYZER_LOCALIZABILITY_NONLOCALIZED = YES;
				CLANG_ANALYZER_NONNULL = YES;
				CLANG_ANALYZER_NUMBER_OBJECT_CONVERSION = YES_AGGRESSIVE;
				CLANG_CXX_LANGUAGE_STANDARD = "gnu++14";
				CLANG_CXX_LIBRARY = "libc++";
				CLANG_ENABLE_MODULES = YES;
				CLANG_ENABLE_OBJC_ARC = YES;
				CLANG_ENABLE_OBJC_WEAK = YES;
				CLANG_WARN_BLOCK_CAPTURE_AUTORELEASING = YES;
				CLANG_WARN_BOOL_CONVERSION = YES;
				CLANG_WARN_COMMA = YES;
				CLANG_WARN_CONSTANT_CONVERSION = YES;
				CLANG_WARN_DEPRECATED_OBJC_IMPLEMENTATIONS = YES;
				CLANG_WARN_DIRECT_OBJC_ISA_USAGE = YES_ERROR;
				CLANG_WARN_DOCUMENTATION_COMMENTS = YES;
				CLANG_WARN_EMPTY_BODY = YES;
				CLANG_WARN_ENUM_CONVERSION = YES;
				CLANG_WARN_INFINITE_RECURSION = YES;
				CLANG_WARN_INT_CONVERSION = YES;
				CLANG_WARN_NON_LITERAL_NULL_CONVERSION = YES;
				CLANG_WARN_OBJC_IMPLICIT_RETAIN_SELF = YES;
				CLANG_WARN_OBJC_LITERAL_CONVERSION = YES;
				CLANG_WARN_OBJC_ROOT_CLASS = YES_ERROR;
				CLANG_WARN_RANGE_LOOP_ANALYSIS = YES;
				CLANG_WARN_STRICT_PROTOTYPES = YES;
				CLANG_WARN_SUSPICIOUS_MOVE = YES;
				CLANG_WARN_UNGUARDED_AVAILABILITY = YES_AGGRESSIVE;
				CLANG_WARN_UNREACHABLE_CODE = YES;
				CLANG_WARN__DUPLICATE_METHOD_MATCH = YES;
				COPY_PHASE_STRIP = NO;
				DEBUG_INFORMATION_FORMAT = dwarf;
				ENABLE_STRICT_OBJC_MSGSEND = YES;
				ENABLE_TESTABILITY = YES;
				GCC_C_LANGUAGE_STANDARD = gnu11;
				GCC_DYNAMIC_NO_PIC = NO;
				GCC_NO_COMMON_BLOCKS = YES;
				GCC_OPTIMIZATION_LEVEL = 0;
				GCC_PREPROCESSOR_DEFINITIONS = (
					"DEBUG=1",
					"$(inherited)",
				);
				GCC_WARN_64_TO_32_BIT_CONVERSION = YES;
				GCC_WARN_ABOUT_RETURN_TYPE = YES_ERROR;
				GCC_WARN_UNDECLARED_SELECTOR = YES;
				GCC_WARN_UNINITIALIZED_AUTOS = YES_AGGRESSIVE;
				GCC_WARN_UNUSED_FUNCTION = YES;
				GCC_WARN_UNUSED_VARIABLE = YES;
				IPHONEOS_DEPLOYMENT_TARGET = 10.0;
				MTL_ENABLE_DEBUG_INFO = INCLUDE_SOURCE;
				MTL_FAST_MATH = YES;
				ONLY_ACTIVE_ARCH = YES;
				SDKROOT = iphoneos;
				SWIFT_ACTIVE_COMPILATION_CONDITIONS = DEBUG;
				SWIFT_OPTIMIZATION_LEVEL = "-Onone";
			};
			name = Debug;
		};
		E173454F2445E3DD007CD373 /* Release */ = {
			isa = XCBuildConfiguration;
			buildSettings = {
				ALWAYS_SEARCH_USER_PATHS = NO;
				CLANG_ANALYZER_LOCALIZABILITY_NONLOCALIZED = YES;
				CLANG_ANALYZER_NONNULL = YES;
				CLANG_ANALYZER_NUMBER_OBJECT_CONVERSION = YES_AGGRESSIVE;
				CLANG_CXX_LANGUAGE_STANDARD = "gnu++14";
				CLANG_CXX_LIBRARY = "libc++";
				CLANG_ENABLE_MODULES = YES;
				CLANG_ENABLE_OBJC_ARC = YES;
				CLANG_ENABLE_OBJC_WEAK = YES;
				CLANG_WARN_BLOCK_CAPTURE_AUTORELEASING = YES;
				CLANG_WARN_BOOL_CONVERSION = YES;
				CLANG_WARN_COMMA = YES;
				CLANG_WARN_CONSTANT_CONVERSION = YES;
				CLANG_WARN_DEPRECATED_OBJC_IMPLEMENTATIONS = YES;
				CLANG_WARN_DIRECT_OBJC_ISA_USAGE = YES_ERROR;
				CLANG_WARN_DOCUMENTATION_COMMENTS = YES;
				CLANG_WARN_EMPTY_BODY = YES;
				CLANG_WARN_ENUM_CONVERSION = YES;
				CLANG_WARN_INFINITE_RECURSION = YES;
				CLANG_WARN_INT_CONVERSION = YES;
				CLANG_WARN_NON_LITERAL_NULL_CONVERSION = YES;
				CLANG_WARN_OBJC_IMPLICIT_RETAIN_SELF = YES;
				CLANG_WARN_OBJC_LITERAL_CONVERSION = YES;
				CLANG_WARN_OBJC_ROOT_CLASS = YES_ERROR;
				CLANG_WARN_RANGE_LOOP_ANALYSIS = YES;
				CLANG_WARN_STRICT_PROTOTYPES = YES;
				CLANG_WARN_SUSPICIOUS_MOVE = YES;
				CLANG_WARN_UNGUARDED_AVAILABILITY = YES_AGGRESSIVE;
				CLANG_WARN_UNREACHABLE_CODE = YES;
				CLANG_WARN__DUPLICATE_METHOD_MATCH = YES;
				COPY_PHASE_STRIP = NO;
				DEBUG_INFORMATION_FORMAT = "dwarf-with-dsym";
				ENABLE_NS_ASSERTIONS = NO;
				ENABLE_STRICT_OBJC_MSGSEND = YES;
				GCC_C_LANGUAGE_STANDARD = gnu11;
				GCC_NO_COMMON_BLOCKS = YES;
				GCC_WARN_64_TO_32_BIT_CONVERSION = YES;
				GCC_WARN_ABOUT_RETURN_TYPE = YES_ERROR;
				GCC_WARN_UNDECLARED_SELECTOR = YES;
				GCC_WARN_UNINITIALIZED_AUTOS = YES_AGGRESSIVE;
				GCC_WARN_UNUSED_FUNCTION = YES;
				GCC_WARN_UNUSED_VARIABLE = YES;
				IPHONEOS_DEPLOYMENT_TARGET = 10.0;
				MTL_ENABLE_DEBUG_INFO = NO;
				MTL_FAST_MATH = YES;
				SDKROOT = iphoneos;
				SWIFT_COMPILATION_MODE = wholemodule;
				SWIFT_OPTIMIZATION_LEVEL = "-O";
				VALIDATE_PRODUCT = YES;
			};
			name = Release;
		};
		E17345512445E3DD007CD373 /* Debug */ = {
			isa = XCBuildConfiguration;
			baseConfigurationReference = 7AAEC2C26CCF334A43160867 /* Pods-Leknes.debug.xcconfig */;
			buildSettings = {
				ASSETCATALOG_COMPILER_APPICON_NAME = AppIcon;
				CODE_SIGN_STYLE = Automatic;
				INFOPLIST_FILE = Leknes/Info.plist;
				LD_RUNPATH_SEARCH_PATHS = (
					"$(inherited)",
					"@executable_path/Frameworks",
				);
				PRODUCT_BUNDLE_IDENTIFIER = com.rajusmail444.dev;
				PRODUCT_NAME = "$(TARGET_NAME)";
				SWIFT_VERSION = 5.0;
				TARGETED_DEVICE_FAMILY = "1,2";
			};
			name = Debug;
		};
		E17345522445E3DD007CD373 /* Release */ = {
			isa = XCBuildConfiguration;
			baseConfigurationReference = 7F65442E946CC175088ED293 /* Pods-Leknes.release.xcconfig */;
			buildSettings = {
				ASSETCATALOG_COMPILER_APPICON_NAME = AppIcon;
				CODE_SIGN_STYLE = Automatic;
				INFOPLIST_FILE = Leknes/Info.plist;
				LD_RUNPATH_SEARCH_PATHS = (
					"$(inherited)",
					"@executable_path/Frameworks",
				);
				PRODUCT_BUNDLE_IDENTIFIER = com.rajusmail444.dev;
				PRODUCT_NAME = "$(TARGET_NAME)";
				SWIFT_VERSION = 5.0;
				TARGETED_DEVICE_FAMILY = "1,2";
			};
			name = Release;
		};
		E18337F6244C673000F5C780 /* Debug */ = {
			isa = XCBuildConfiguration;
			baseConfigurationReference = F231DD39999130FDB43BB34F /* Pods-LeknesTests.debug.xcconfig */;
			buildSettings = {
				BUNDLE_LOADER = "$(TEST_HOST)";
				CODE_SIGN_STYLE = Automatic;
				INFOPLIST_FILE = LeknesTests/Info.plist;
				IPHONEOS_DEPLOYMENT_TARGET = 13.2;
				LD_RUNPATH_SEARCH_PATHS = (
					"$(inherited)",
					"@executable_path/Frameworks",
					"@loader_path/Frameworks",
				);
				PRODUCT_BUNDLE_IDENTIFIER = com.howdy.buttercup.devsample.LeknesTests;
				PRODUCT_NAME = "$(TARGET_NAME)";
				SWIFT_VERSION = 5.0;
				TARGETED_DEVICE_FAMILY = "1,2";
				TEST_HOST = "$(BUILT_PRODUCTS_DIR)/Leknes.app/Leknes";
			};
			name = Debug;
		};
		E18337F7244C673000F5C780 /* Release */ = {
			isa = XCBuildConfiguration;
			baseConfigurationReference = CF52052EF8135D726566BC25 /* Pods-LeknesTests.release.xcconfig */;
			buildSettings = {
				BUNDLE_LOADER = "$(TEST_HOST)";
				CODE_SIGN_STYLE = Automatic;
				INFOPLIST_FILE = LeknesTests/Info.plist;
				IPHONEOS_DEPLOYMENT_TARGET = 13.2;
				LD_RUNPATH_SEARCH_PATHS = (
					"$(inherited)",
					"@executable_path/Frameworks",
					"@loader_path/Frameworks",
				);
				PRODUCT_BUNDLE_IDENTIFIER = com.howdy.buttercup.devsample.LeknesTests;
				PRODUCT_NAME = "$(TARGET_NAME)";
				SWIFT_VERSION = 5.0;
				TARGETED_DEVICE_FAMILY = "1,2";
				TEST_HOST = "$(BUILT_PRODUCTS_DIR)/Leknes.app/Leknes";
			};
			name = Release;
		};
		E1927C662452EA0700C52BBA /* Debug */ = {
			isa = XCBuildConfiguration;
			buildSettings = {
				CODE_SIGN_STYLE = Automatic;
				INFOPLIST_FILE = LeknesUITests/Info.plist;
				IPHONEOS_DEPLOYMENT_TARGET = 13.2;
				LD_RUNPATH_SEARCH_PATHS = (
					"$(inherited)",
					"@executable_path/Frameworks",
					"@loader_path/Frameworks",
				);
				OTHER_LDFLAGS = "-ObjC";
				PRODUCT_BUNDLE_IDENTIFIER = com.howdy.buttercup.devsample.LeknesUITests;
				PRODUCT_NAME = "$(TARGET_NAME)";
				SWIFT_OBJC_BRIDGING_HEADER = LeknesUITests/EarlGreyHelper/EG2Header.h;
				SWIFT_VERSION = 5.0;
				TARGETED_DEVICE_FAMILY = "1,2";
				TEST_TARGET_NAME = Leknes;
				USER_HEADER_SEARCH_PATHS = "EarlGrey/**";
			};
			name = Debug;
		};
		E1927C672452EA0700C52BBA /* Release */ = {
			isa = XCBuildConfiguration;
			buildSettings = {
				CODE_SIGN_STYLE = Automatic;
				INFOPLIST_FILE = LeknesUITests/Info.plist;
				IPHONEOS_DEPLOYMENT_TARGET = 13.2;
				LD_RUNPATH_SEARCH_PATHS = (
					"$(inherited)",
					"@executable_path/Frameworks",
					"@loader_path/Frameworks",
				);
				OTHER_LDFLAGS = "-ObjC";
				PRODUCT_BUNDLE_IDENTIFIER = com.howdy.buttercup.devsample.LeknesUITests;
				PRODUCT_NAME = "$(TARGET_NAME)";
				SWIFT_OBJC_BRIDGING_HEADER = LeknesUITests/EarlGreyHelper/EG2Header.h;
				SWIFT_VERSION = 5.0;
				TARGETED_DEVICE_FAMILY = "1,2";
				TEST_TARGET_NAME = Leknes;
				USER_HEADER_SEARCH_PATHS = "EarlGrey/**";
			};
			name = Release;
		};
/* End XCBuildConfiguration section */

/* Begin XCConfigurationList section */
		E17345372445E3DA007CD373 /* Build configuration list for PBXProject "Leknes" */ = {
			isa = XCConfigurationList;
			buildConfigurations = (
				E173454E2445E3DD007CD373 /* Debug */,
				E173454F2445E3DD007CD373 /* Release */,
			);
			defaultConfigurationIsVisible = 0;
			defaultConfigurationName = Release;
		};
		E17345502445E3DD007CD373 /* Build configuration list for PBXNativeTarget "Leknes" */ = {
			isa = XCConfigurationList;
			buildConfigurations = (
				E17345512445E3DD007CD373 /* Debug */,
				E17345522445E3DD007CD373 /* Release */,
			);
			defaultConfigurationIsVisible = 0;
			defaultConfigurationName = Release;
		};
		E18337F8244C673000F5C780 /* Build configuration list for PBXNativeTarget "LeknesTests" */ = {
			isa = XCConfigurationList;
			buildConfigurations = (
				E18337F6244C673000F5C780 /* Debug */,
				E18337F7244C673000F5C780 /* Release */,
			);
			defaultConfigurationIsVisible = 0;
			defaultConfigurationName = Release;
		};
		E1927C652452EA0700C52BBA /* Build configuration list for PBXNativeTarget "LeknesUITests" */ = {
			isa = XCConfigurationList;
			buildConfigurations = (
				E1927C662452EA0700C52BBA /* Debug */,
				E1927C672452EA0700C52BBA /* Release */,
			);
			defaultConfigurationIsVisible = 0;
			defaultConfigurationName = Release;
		};
/* End XCConfigurationList section */
	};
	rootObject = E17345342445E3DA007CD373 /* Project object */;
}
